{
  "name": "assets",
  "lockfileVersion": 2,
  "requires": true,
  "packages": {
    "": {
      "dependencies": {
        "noty": "^3.2.0-beta-deprecated",
        "qrious": "^4.0.2"
      },
      "devDependencies": {
        "html5-qrcode": "^2.3.7"
      }
    },
    "node_modules/html5-qrcode": {
      "version": "2.3.7",
      "resolved": "https://registry.npmjs.org/html5-qrcode/-/html5-qrcode-2.3.7.tgz",
      "integrity": "sha512-Jmlok9Ynm49hgVXkdupWryf8o430proIFoQsRl1LmTg4Rq461W72omylR9yw9tsEMtswMEw3wacUM5y0agOBQA==",
      "dev": true
    },
    "node_modules/noty": {
      "version": "3.2.0-beta-deprecated",
      "resolved": "https://registry.npmjs.org/noty/-/noty-3.2.0-beta-deprecated.tgz",
      "integrity": "sha512-ntRbHuQ9SnnnVFZm/oq5L1DBCaHQUvsU24AwZH3PGjAWx2YqR/IhOadMk11vmJovYiQo00oqTj6Hp+D6PGtmLA==",
      "deprecated": "no longer supported"
    },
    "node_modules/qrious": {
      "version": "4.0.2",
      "resolved": "https://registry.npmjs.org/qrious/-/qrious-4.0.2.tgz",
      "integrity": "sha512-xWPJIrK1zu5Ypn898fBp8RHkT/9ibquV2Kv24S/JY9VYEhMBMKur1gHVsOiNUh7PHP9uCgejjpZUHUIXXKoU/g=="
    }
  },
  "dependencies": {
    "html5-qrcode": {
      "version": "2.3.7",
      "resolved": "https://registry.npmjs.org/html5-qrcode/-/html5-qrcode-2.3.7.tgz",
      "integrity": "sha512-Jmlok9Ynm49hgVXkdupWryf8o430proIFoQsRl1LmTg4Rq461W72omylR9yw9tsEMtswMEw3wacUM5y0agOBQA==",
      "dev": true
    },
    "noty": {
      "version": "3.2.0-beta-deprecated",
      "resolved": "https://registry.npmjs.org/noty/-/noty-3.2.0-beta-deprecated.tgz",
      "integrity": "sha512-ntRbHuQ9SnnnVFZm/oq5L1DBCaHQUvsU24AwZH3PGjAWx2YqR/IhOadMk11vmJovYiQo00oqTj6Hp+D6PGtmLA=="
    },
    "qrious": {
      "version": "4.0.2",
      "resolved": "https://registry.npmjs.org/qrious/-/qrious-4.0.2.tgz",
      "integrity": "sha512-xWPJIrK1zu5Ypn898fBp8RHkT/9ibquV2Kv24S/JY9VYEhMBMKur1gHVsOiNUh7PHP9uCgejjpZUHUIXXKoU/g=="
    }
  }
}
